
Microsoft Visual Studio Solution File, Format Version 12.00
# Visual Studio Version 17
VisualStudioVersion = 17.9.34714.143
MinimumVisualStudioVersion = 10.0.40219.1
Project("{FAE04EC0-301F-11D3-BF4B-00C04F79EFBC}") = "Entities", "Entities\Entities.csproj", "{980023DD-167D-4A4F-B629-37E5E2A8F917}"
EndProject
Project("{FAE04EC0-301F-11D3-BF4B-00C04F79EFBC}") = "DataAccess", "DataAccess\DataAccess.csproj", "{25E9835A-7F17-4E86-89A5-7A88A7398778}"
EndProject
Project("{FAE04EC0-301F-11D3-BF4B-00C04F79EFBC}") = "Business", "Business\Business.csproj", "{C14DF7DF-2C77-4ED5-8E76-10DC81F28ECB}"
EndProject
Project("{FAE04EC0-301F-11D3-BF4B-00C04F79EFBC}") = "WebAPI", "WebAPI\WebAPI.csproj", "{83366FFA-49AF-4CC9-A42A-952E5C7B9963}"
EndProject
Project("{FAE04EC0-301F-11D3-BF4B-00C04F79EFBC}") = "Core", "Core\Core.csproj", "{BD21A364-FD71-4339-BC39-E7881A71F8B9}"
EndProject
Global
	GlobalSection(SolutionConfigurationPlatforms) = preSolution
		Debug|Any CPU = Debug|Any CPU
		Release|Any CPU = Release|Any CPU
	EndGlobalSection
	GlobalSection(ProjectConfigurationPlatforms) = postSolution
		{980023DD-167D-4A4F-B629-37E5E2A8F917}.Debug|Any CPU.ActiveCfg = Debug|Any CPU
		{980023DD-167D-4A4F-B629-37E5E2A8F917}.Debug|Any CPU.Build.0 = Debug|Any CPU
		{980023DD-167D-4A4F-B629-37E5E2A8F917}.Release|Any CPU.ActiveCfg = Release|Any CPU
		{980023DD-167D-4A4F-B629-37E5E2A8F917}.Release|Any CPU.Build.0 = Release|Any CPU
		{25E9835A-7F17-4E86-89A5-7A88A7398778}.Debug|Any CPU.ActiveCfg = Debug|Any CPU
		{25E9835A-7F17-4E86-89A5-7A88A7398778}.Debug|Any CPU.Build.0 = Debug|Any CPU
		{25E9835A-7F17-4E86-89A5-7A88A7398778}.Release|Any CPU.ActiveCfg = Release|Any CPU
		{25E9835A-7F17-4E86-89A5-7A88A7398778}.Release|Any CPU.Build.0 = Release|Any CPU
		{C14DF7DF-2C77-4ED5-8E76-10DC81F28ECB}.Debug|Any CPU.ActiveCfg = Debug|Any CPU
		{C14DF7DF-2C77-4ED5-8E76-10DC81F28ECB}.Debug|Any CPU.Build.0 = Debug|Any CPU
		{C14DF7DF-2C77-4ED5-8E76-10DC81F28ECB}.Release|Any CPU.ActiveCfg = Release|Any CPU
		{C14DF7DF-2C77-4ED5-8E76-10DC81F28ECB}.Release|Any CPU.Build.0 = Release|Any CPU
		{83366FFA-49AF-4CC9-A42A-952E5C7B9963}.Debug|Any CPU.ActiveCfg = Debug|Any CPU
		{83366FFA-49AF-4CC9-A42A-952E5C7B9963}.Debug|Any CPU.Build.0 = Debug|Any CPU
		{83366FFA-49AF-4CC9-A42A-952E5C7B9963}.Release|Any CPU.ActiveCfg = Release|Any CPU
		{83366FFA-49AF-4CC9-A42A-952E5C7B9963}.Release|Any CPU.Build.0 = Release|Any CPU
		{BD21A364-FD71-4339-BC39-E7881A71F8B9}.Debug|Any CPU.ActiveCfg = Debug|Any CPU
		{BD21A364-FD71-4339-BC39-E7881A71F8B9}.Debug|Any CPU.Build.0 = Debug|Any CPU
		{BD21A364-FD71-4339-BC39-E7881A71F8B9}.Release|Any CPU.ActiveCfg = Release|Any CPU
		{BD21A364-FD71-4339-BC39-E7881A71F8B9}.Release|Any CPU.Build.0 = Release|Any CPU
	EndGlobalSection
	GlobalSection(SolutionProperties) = preSolution
		HideSolutionNode = FALSE
	EndGlobalSection
	GlobalSection(ExtensibilityGlobals) = postSolution
		SolutionGuid = {6E5201F7-17D6-4EB8-A4E5-583D75A34DA1}
	EndGlobalSection
EndGlobal
